{
  "name": "yg app",
  "lockfileVersion": 3,
  "requires": true,
  "packages": {
    "": {
      "dependencies": {
        "dotenv": "^17.2.4",
        "stripe": "^20.3.1"
      }
    },
    "node_modules/dotenv": {
      "version": "17.2.4",
      "resolved": "https://registry.npmjs.org/dotenv/-/dotenv-17.2.4.tgz",
      "integrity": "sha512-mudtfb4zRB4bVvdj0xRo+e6duH1csJRM8IukBqfTRvHotn9+LBXB8ynAidP9zHqoRC/fsllXgk4kCKlR21fIhw==",
      "license": "BSD-2-Clause",
      "engines": {
        "node": ">=12"
      },
      "funding": {
        "url": "https://dotenvx.com"
      }
    },
    "node_modules/stripe": {
      "version": "20.3.1",
      "resolved": "https://registry.npmjs.org/stripe/-/stripe-20.3.1.tgz",
      "integrity": "sha512-k990yOT5G5rhX3XluRPw5Y8RLdJDW4dzQ29wWT66piHrbnM2KyamJ1dKgPsw4HzGHRWjDiSSdcI2WdxQUPV3aQ==",
      "license": "MIT",
      "engines": {
        "node": ">=16"
      },
      "peerDependencies": {
        "@types/node": ">=16"
      },
      "peerDependenciesMeta": {
        "@types/node": {
          "optional": true
        }
      }
    }
  }
}
